
Microsoft Visual Studio Solution File, Format Version 12.00
# Visual Studio 15
VisualStudioVersion = 15.0.28307.421
MinimumVisualStudioVersion = 10.0.40219.1
Project("{FAE04EC0-301F-11D3-BF4B-00C04F79EFBC}") = "DevExtremeDemo", "DevExtremeDemo\DevExtremeDemo.csproj", "{1BA43E43-9F8E-45AE-A82E-FB19B632A2B8}"
EndProject
Global
	GlobalSection(SolutionConfigurationPlatforms) = preSolution
		Debug|Any CPU = Debug|Any CPU
		Release|Any CPU = Release|Any CPU
	EndGlobalSection
	GlobalSection(ProjectConfigurationPlatforms) = postSolution
		{1BA43E43-9F8E-45AE-A82E-FB19B632A2B8}.Debug|Any CPU.ActiveCfg = Debug|Any CPU
		{1BA43E43-9F8E-45AE-A82E-FB19B632A2B8}.Debug|Any CPU.Build.0 = Debug|Any CPU
		{1BA43E43-9F8E-45AE-A82E-FB19B632A2B8}.Release|Any CPU.ActiveCfg = Release|Any CPU
		{1BA43E43-9F8E-45AE-A82E-FB19B632A2B8}.Release|Any CPU.Build.0 = Release|Any CPU
	EndGlobalSection
	GlobalSection(SolutionProperties) = preSolution
		HideSolutionNode = FALSE
	EndGlobalSection
	GlobalSection(ExtensibilityGlobals) = postSolution
		SolutionGuid = {FB2ED3B3-E586-4558-8240-F9AD43D764D1}
	EndGlobalSection
EndGlobal
